
Microsoft Visual Studio Solution File, Format Version 12.00
# Visual Studio 15
VisualStudioVersion = 15.0.28307.421
MinimumVisualStudioVersion = 10.0.40219.1
Project("{D2ABAB84-BF74-430A-B69E-9DC6D40DDA17}") = "BaseOnee(DESKTOP-PVRGJ52)", "<Server=DESKTOP-PVRGJ52;Database=BaseOnee;>", "{B4E39A8A-7070-41F3-AA4B-4CA4A1281E38}"
EndProject
Global
	GlobalSection(SolutionConfigurationPlatforms) = preSolution
		Development|Default = Development|Default
	EndGlobalSection
	GlobalSection(ProjectConfigurationPlatforms) = postSolution
		{B4E39A8A-7070-41F3-AA4B-4CA4A1281E38}.Development|Default.ActiveCfg = Development
	EndGlobalSection
	GlobalSection(SolutionProperties) = preSolution
		HideSolutionNode = FALSE
	EndGlobalSection
	GlobalSection(ExtensibilityGlobals) = postSolution
		SolutionGuid = {A3EDCE0A-8828-48D3-9C99-3DA8C0A01846}
	EndGlobalSection
EndGlobal
